<?xml version="1.0" encoding="utf-8"?>
<Project ToolsVersion="4.0" xmlns="http://schemas.microsoft.com/developer/msbuild/2003">
  <ItemGroup>
    <ClCompile Include="src\resource_manager\argb_image_loader.c" />
    <ClCompile Include="src\utils.c" />
    <ClCompile Include="src\main.c" />
    <ClCompile Include="src\camera.c" />
    <ClCompile Include="src\render.c" />
    <ClCompile Include="src\chunk.c" />
    <ClCompile Include="src\world.c" />
    <ClCompile Include="src\resource_manager\resource_manager.c" />
    <ClCompile Include="src\platform.c" />
  </ItemGroup>
  <ItemGroup>
    <ClInclude Include="src\external\stb_image.h" />
    <ClInclude Include="src\resource_manager\argb_image_loader.h" />
    <ClInclude Include="src\utils.h" />
    <ClInclude Include="src\types.h" />
    <ClInclude Include="src\headers.h" />
    <ClInclude Include="src\camera.h" />
    <ClInclude Include="src\render.h" />
    <ClInclude Include="src\chunk.h" />
    <ClInclude Include="src\world.h" />
    <ClInclude Include="src\platform.h" />
    <ClInclude Include="src\resource_manager\resource_manager.h" />
  </ItemGroup>
  <ItemGroup>
    <Image Include="resources\stone.png" />
    <Image Include="resources\icon.ico" />
    <Image Include="resources\bedrock.png" />
    <Image Include="src\resource_manager\block_not_found.png" />
    <Image Include="src\resource_manager\texture_not_found.png" />
    <Image Include="resources\oak_log_top.png" />
    <Image Include="resources\oak_log.png" />
    <Image Include="resources\oak_leaves.png" />
    <Image Include="resources\dirt.png" />
  </ItemGroup>
</Project>